Microsoft Visual Studio Solution File, Format Version 12.00
# Visual Studio Version 17
VisualStudioVersion = 17.5.2.0
MinimumVisualStudioVersion = 10.0.40219.1
Project("{FAE04EC0-301F-11D3-BF4B-00C04F79EFBC}") = "Ativ MVC", "Ativ MVC.csproj", "{47BE570E-B520-4D9F-CB09-C0E28124D237}"
EndProject
Global
	GlobalSection(SolutionConfigurationPlatforms) = preSolution
		Debug|Any CPU = Debug|Any CPU
		Release|Any CPU = Release|Any CPU
	EndGlobalSection
	GlobalSection(ProjectConfigurationPlatforms) = postSolution
		{47BE570E-B520-4D9F-CB09-C0E28124D237}.Debug|Any CPU.ActiveCfg = Debug|Any CPU
		{47BE570E-B520-4D9F-CB09-C0E28124D237}.Debug|Any CPU.Build.0 = Debug|Any CPU
		{47BE570E-B520-4D9F-CB09-C0E28124D237}.Release|Any CPU.ActiveCfg = Release|Any CPU
		{47BE570E-B520-4D9F-CB09-C0E28124D237}.Release|Any CPU.Build.0 = Release|Any CPU
	EndGlobalSection
	GlobalSection(SolutionProperties) = preSolution
		HideSolutionNode = FALSE
	EndGlobalSection
	GlobalSection(ExtensibilityGlobals) = postSolution
		SolutionGuid = {C09B4000-99DF-46EA-BA65-A25601CD964B}
	EndGlobalSection
EndGlobal
